# Generated by pub
# See http://pub.dartlang.org/doc/glossary.html#lockfile
packages:
  browser:
    description: browser
    source: hosted
    version: "0.9.1"
  ds:
    description: ds
    source: hosted
    version: "0.0.4"
  hub:
    description: hub
    source: hosted
    version: "0.2.0"
  invocable:
    description: invocable
    source: hosted
    version: "0.5.0"
  statemanager:
    description: statemanager
    source: hosted
    version: "0.0.1"
  streamable:
    description: streamable
    source: hosted
    version: "0.0.6"
