# Generated by pub
# See http://pub.dartlang.org/doc/glossary.html#lockfile
packages:
  ds:
    description: ds
    source: hosted
    version: "0.4.3"
  hub:
    description: hub
    source: hosted
    version: "0.9.1"
  streamable:
    description: streamable
    source: hosted
    version: "0.2.9"
