# Generated by pub
# See http://pub.dartlang.org/doc/glossary.html#lockfile
packages:
  ds:
    description:
      path: "/Users/boxy/Apps/codelab/dart/flow/../ds"
      relative: true
    source: path
    version: "0.0.1"
  hub:
    description:
      path: "/Users/boxy/Apps/codelab/dart/flow/../hub"
      relative: true
    source: path
    version: "0.1.1"
  invocable:
    description:
      path: "/Users/boxy/Apps/codelab/dart/flow/../invocable"
      relative: true
    source: path
    version: "0.1.1"
  pipes:
    description:
      path: "/Users/boxy/Apps/codelab/dart/flow/../pipes"
      relative: true
    source: path
    version: "0.0.1"
